
Microsoft Visual Studio Solution File, Format Version 12.00
#
Project("{2150E333-8FDC-42A3-9474-1A3956D46DE8}") = "src", "src", "{D880B711-68AB-4F31-A774-2EBE2CDAE4BD}"
EndProject
Project("{FAE04EC0-301F-11D3-BF4B-00C04F79EFBC}") = "Haqua.Scriban.Web", "src\haqua.scriban.web\Haqua.Scriban.Web.csproj", "{3624C614-008D-43D1-8C5E-78E2F845A660}"
EndProject
Project("{FAE04EC0-301F-11D3-BF4B-00C04F79EFBC}") = "Haqua.Scriban", "src\Haqua.Scriban\Haqua.Scriban.csproj", "{C7EA9FD1-BAF2-4B18-B46D-D673D2B66DE6}"
EndProject
Global
	GlobalSection(SolutionConfigurationPlatforms) = preSolution
		Debug|Any CPU = Debug|Any CPU
		Debug|x64 = Debug|x64
		Debug|x86 = Debug|x86
		Release|Any CPU = Release|Any CPU
		Release|x64 = Release|x64
		Release|x86 = Release|x86
	EndGlobalSection
	GlobalSection(ProjectConfigurationPlatforms) = postSolution
		{3624C614-008D-43D1-8C5E-78E2F845A660}.Debug|Any CPU.ActiveCfg = Debug|Any CPU
		{3624C614-008D-43D1-8C5E-78E2F845A660}.Debug|Any CPU.Build.0 = Debug|Any CPU
		{3624C614-008D-43D1-8C5E-78E2F845A660}.Debug|x64.ActiveCfg = Debug|Any CPU
		{3624C614-008D-43D1-8C5E-78E2F845A660}.Debug|x64.Build.0 = Debug|Any CPU
		{3624C614-008D-43D1-8C5E-78E2F845A660}.Debug|x86.ActiveCfg = Debug|Any CPU
		{3624C614-008D-43D1-8C5E-78E2F845A660}.Debug|x86.Build.0 = Debug|Any CPU
		{3624C614-008D-43D1-8C5E-78E2F845A660}.Release|Any CPU.ActiveCfg = Release|Any CPU
		{3624C614-008D-43D1-8C5E-78E2F845A660}.Release|Any CPU.Build.0 = Release|Any CPU
		{3624C614-008D-43D1-8C5E-78E2F845A660}.Release|x64.ActiveCfg = Release|Any CPU
		{3624C614-008D-43D1-8C5E-78E2F845A660}.Release|x64.Build.0 = Release|Any CPU
		{3624C614-008D-43D1-8C5E-78E2F845A660}.Release|x86.ActiveCfg = Release|Any CPU
		{3624C614-008D-43D1-8C5E-78E2F845A660}.Release|x86.Build.0 = Release|Any CPU
		{C7EA9FD1-BAF2-4B18-B46D-D673D2B66DE6}.Debug|Any CPU.ActiveCfg = Debug|Any CPU
		{C7EA9FD1-BAF2-4B18-B46D-D673D2B66DE6}.Debug|Any CPU.Build.0 = Debug|Any CPU
		{C7EA9FD1-BAF2-4B18-B46D-D673D2B66DE6}.Debug|x64.ActiveCfg = Debug|Any CPU
		{C7EA9FD1-BAF2-4B18-B46D-D673D2B66DE6}.Debug|x64.Build.0 = Debug|Any CPU
		{C7EA9FD1-BAF2-4B18-B46D-D673D2B66DE6}.Debug|x86.ActiveCfg = Debug|Any CPU
		{C7EA9FD1-BAF2-4B18-B46D-D673D2B66DE6}.Debug|x86.Build.0 = Debug|Any CPU
		{C7EA9FD1-BAF2-4B18-B46D-D673D2B66DE6}.Release|Any CPU.ActiveCfg = Release|Any CPU
		{C7EA9FD1-BAF2-4B18-B46D-D673D2B66DE6}.Release|Any CPU.Build.0 = Release|Any CPU
		{C7EA9FD1-BAF2-4B18-B46D-D673D2B66DE6}.Release|x64.ActiveCfg = Release|Any CPU
		{C7EA9FD1-BAF2-4B18-B46D-D673D2B66DE6}.Release|x64.Build.0 = Release|Any CPU
		{C7EA9FD1-BAF2-4B18-B46D-D673D2B66DE6}.Release|x86.ActiveCfg = Release|Any CPU
		{C7EA9FD1-BAF2-4B18-B46D-D673D2B66DE6}.Release|x86.Build.0 = Release|Any CPU
	EndGlobalSection
	GlobalSection(NestedProjects) = preSolution
		{3624C614-008D-43D1-8C5E-78E2F845A660} = {D880B711-68AB-4F31-A774-2EBE2CDAE4BD}
		{C7EA9FD1-BAF2-4B18-B46D-D673D2B66DE6} = {D880B711-68AB-4F31-A774-2EBE2CDAE4BD}
	EndGlobalSection
EndGlobal
