
Microsoft Visual Studio Solution File, Format Version 12.00
# Visual Studio Version 16
VisualStudioVersion = 16.0.30114.105
MinimumVisualStudioVersion = 10.0.40219.1
Project("{2150E333-8FDC-42A3-9474-1A3956D46DE8}") = "src", "src", "{C9142893-D3EE-43FE-B8EC-465FF9CA95AC}"
EndProject
Project("{FAE04EC0-301F-11D3-BF4B-00C04F79EFBC}") = "Haqua.Scriban", "src\Haqua.Scriban\Haqua.Scriban.csproj", "{78513625-CDFD-4E86-814D-472FD2613C6B}"
EndProject
Project("{2150E333-8FDC-42A3-9474-1A3956D46DE8}") = "Haqua.Scriban.Example", "Haqua.Scriban.Example", "{35DEAC09-4227-45D0-92BC-6A72A39376A5}"
EndProject
Project("{FAE04EC0-301F-11D3-BF4B-00C04F79EFBC}") = "Haqua.Scriban.Example.Web", "src\Haqua.Scriban.Example\Haqua.Scriban.Example.Web\Haqua.Scriban.Example.Web.csproj", "{1641C7DE-2FC9-455D-A2A9-FE5C8E49F35A}"
EndProject
Project("{FAE04EC0-301F-11D3-BF4B-00C04F79EFBC}") = "Haqua.Scriban.Example.TailwindCSS", "src\Haqua.Scriban.Example\Haqua.Scriban.Example.TailwindCSS\Haqua.Scriban.Example.TailwindCSS.csproj", "{13A290FD-FE1A-4112-9930-BD56DB474FED}"
EndProject
Global
	GlobalSection(SolutionConfigurationPlatforms) = preSolution
		Debug|Any CPU = Debug|Any CPU
		Release|Any CPU = Release|Any CPU
	EndGlobalSection
	GlobalSection(SolutionProperties) = preSolution
		HideSolutionNode = FALSE
	EndGlobalSection
	GlobalSection(ProjectConfigurationPlatforms) = postSolution
		{78513625-CDFD-4E86-814D-472FD2613C6B}.Debug|Any CPU.ActiveCfg = Debug|Any CPU
		{78513625-CDFD-4E86-814D-472FD2613C6B}.Debug|Any CPU.Build.0 = Debug|Any CPU
		{78513625-CDFD-4E86-814D-472FD2613C6B}.Release|Any CPU.ActiveCfg = Release|Any CPU
		{78513625-CDFD-4E86-814D-472FD2613C6B}.Release|Any CPU.Build.0 = Release|Any CPU
		{1641C7DE-2FC9-455D-A2A9-FE5C8E49F35A}.Debug|Any CPU.ActiveCfg = Debug|Any CPU
		{1641C7DE-2FC9-455D-A2A9-FE5C8E49F35A}.Debug|Any CPU.Build.0 = Debug|Any CPU
		{1641C7DE-2FC9-455D-A2A9-FE5C8E49F35A}.Release|Any CPU.ActiveCfg = Release|Any CPU
		{1641C7DE-2FC9-455D-A2A9-FE5C8E49F35A}.Release|Any CPU.Build.0 = Release|Any CPU
		{13A290FD-FE1A-4112-9930-BD56DB474FED}.Debug|Any CPU.ActiveCfg = Debug|Any CPU
		{13A290FD-FE1A-4112-9930-BD56DB474FED}.Debug|Any CPU.Build.0 = Debug|Any CPU
		{13A290FD-FE1A-4112-9930-BD56DB474FED}.Release|Any CPU.ActiveCfg = Release|Any CPU
		{13A290FD-FE1A-4112-9930-BD56DB474FED}.Release|Any CPU.Build.0 = Release|Any CPU
	EndGlobalSection
	GlobalSection(NestedProjects) = preSolution
		{78513625-CDFD-4E86-814D-472FD2613C6B} = {C9142893-D3EE-43FE-B8EC-465FF9CA95AC}
		{35DEAC09-4227-45D0-92BC-6A72A39376A5} = {C9142893-D3EE-43FE-B8EC-465FF9CA95AC}
		{1641C7DE-2FC9-455D-A2A9-FE5C8E49F35A} = {35DEAC09-4227-45D0-92BC-6A72A39376A5}
		{13A290FD-FE1A-4112-9930-BD56DB474FED} = {35DEAC09-4227-45D0-92BC-6A72A39376A5}
	EndGlobalSection
EndGlobal
